// !$*UTF8*$!
{
	archiveVersion = 1;
	classes = {
	};
	objectVersion = 46;
	objects = {

/* Begin PBXBuildFile section */
		D01290521980E83700A620FE /* CoreData.framework in Frameworks */ = {isa = PBXBuildFile; fileRef = D01290511980E83700A620FE /* CoreData.framework */; };
		D01290561980E88E00A620FE /* OnDuty.xcdatamodeld in Sources */ = {isa = PBXBuildFile; fileRef = D01290541980E88E00A620FE /* OnDuty.xcdatamodeld */; };
		D0AB8DC91986936400864CAC /* VehicleMainTableView.swift in Sources */ = {isa = PBXBuildFile; fileRef = D0AB8DC81986936400864CAC /* VehicleMainTableView.swift */; };
		D0AB8DCB19869DBF00864CAC /* VehicleTripViewController.swift in Sources */ = {isa = PBXBuildFile; fileRef = D0AB8DCA19869DBF00864CAC /* VehicleTripViewController.swift */; };
		D0AB8DCD1986A2EF00864CAC /* TripsTableView.swift in Sources */ = {isa = PBXBuildFile; fileRef = D0AB8DCC1986A2EF00864CAC /* TripsTableView.swift */; };
		D0B282711986AAFC0008F706 /* AddTripController.swift in Sources */ = {isa = PBXBuildFile; fileRef = D0B282701986AAFC0008F706 /* AddTripController.swift */; };
		D0C993571984059E00968EF2 /* VehicleTableView.swift in Sources */ = {isa = PBXBuildFile; fileRef = D0C993561984059E00968EF2 /* VehicleTableView.swift */; };
		D0EE3DBF197EA23800CE52EA /* AppDelegate.swift in Sources */ = {isa = PBXBuildFile; fileRef = D0EE3DBE197EA23800CE52EA /* AppDelegate.swift */; };
		D0EE3DC1197EA23800CE52EA /* ViewController.swift in Sources */ = {isa = PBXBuildFile; fileRef = D0EE3DC0197EA23800CE52EA /* ViewController.swift */; };
		D0EE3DC4197EA23800CE52EA /* Main.storyboard in Resources */ = {isa = PBXBuildFile; fileRef = D0EE3DC2197EA23800CE52EA /* Main.storyboard */; };
		D0EE3DC6197EA23800CE52EA /* Images.xcassets in Resources */ = {isa = PBXBuildFile; fileRef = D0EE3DC5197EA23800CE52EA /* Images.xcassets */; };
		D0EE3DD2197EA23800CE52EA /* TipCalculatorTests.swift in Sources */ = {isa = PBXBuildFile; fileRef = D0EE3DD1197EA23800CE52EA /* TipCalculatorTests.swift */; };
		D0EE3DDC197EA28800CE52EA /* TipCalculatorModel.swift in Sources */ = {isa = PBXBuildFile; fileRef = D0EE3DDB197EA28800CE52EA /* TipCalculatorModel.swift */; };
		D0EE3DDE197EA2B700CE52EA /* TipCalculator.swift in Sources */ = {isa = PBXBuildFile; fileRef = D0EE3DDD197EA2B700CE52EA /* TipCalculator.swift */; };
		D0EE3DE01980509700CE52EA /* VehicleListController.swift in Sources */ = {isa = PBXBuildFile; fileRef = D0EE3DDF1980509700CE52EA /* VehicleListController.swift */; };
		D0EE3DE21980603600CE52EA /* CreateVehicleController.swift in Sources */ = {isa = PBXBuildFile; fileRef = D0EE3DE11980603600CE52EA /* CreateVehicleController.swift */; };
/* End PBXBuildFile section */

/* Begin PBXContainerItemProxy section */
		D0EE3DCC197EA23800CE52EA /* PBXContainerItemProxy */ = {
			isa = PBXContainerItemProxy;
			containerPortal = D0EE3DB1197EA23800CE52EA /* Project object */;
			proxyType = 1;
			remoteGlobalIDString = D0EE3DB8197EA23800CE52EA;
			remoteInfo = TipCalculator;
		};
/* End PBXContainerItemProxy section */

/* Begin PBXFileReference section */
		D01290511980E83700A620FE /* CoreData.framework */ = {isa = PBXFileReference; lastKnownFileType = wrapper.framework; name = CoreData.framework; path = System/Library/Frameworks/CoreData.framework; sourceTree = SDKROOT; };
		D01290551980E88E00A620FE /* OnDuty.xcdatamodel */ = {isa = PBXFileReference; lastKnownFileType = wrapper.xcdatamodel; path = OnDuty.xcdatamodel; sourceTree = "<group>"; };
		D0AB8DC81986936400864CAC /* VehicleMainTableView.swift */ = {isa = PBXFileReference; fileEncoding = 4; lastKnownFileType = sourcecode.swift; name = VehicleMainTableView.swift; path = TipCalculator/VehicleMainTableView.swift; sourceTree = "<group>"; };
		D0AB8DCA19869DBF00864CAC /* VehicleTripViewController.swift */ = {isa = PBXFileReference; fileEncoding = 4; lastKnownFileType = sourcecode.swift; path = VehicleTripViewController.swift; sourceTree = "<group>"; };
		D0AB8DCC1986A2EF00864CAC /* TripsTableView.swift */ = {isa = PBXFileReference; fileEncoding = 4; lastKnownFileType = sourcecode.swift; path = TripsTableView.swift; sourceTree = "<group>"; };
		D0B282701986AAFC0008F706 /* AddTripController.swift */ = {isa = PBXFileReference; fileEncoding = 4; lastKnownFileType = sourcecode.swift; path = AddTripController.swift; sourceTree = "<group>"; };
		D0C993561984059E00968EF2 /* VehicleTableView.swift */ = {isa = PBXFileReference; fileEncoding = 4; lastKnownFileType = sourcecode.swift; name = VehicleTableView.swift; path = TipCalculator/VehicleTableView.swift; sourceTree = "<group>"; };
		D0EE3DB9197EA23800CE52EA /* TipCalculator.app */ = {isa = PBXFileReference; explicitFileType = wrapper.application; includeInIndex = 0; path = TipCalculator.app; sourceTree = BUILT_PRODUCTS_DIR; };
		D0EE3DBD197EA23800CE52EA /* Info.plist */ = {isa = PBXFileReference; lastKnownFileType = text.plist.xml; path = Info.plist; sourceTree = "<group>"; };
		D0EE3DBE197EA23800CE52EA /* AppDelegate.swift */ = {isa = PBXFileReference; lastKnownFileType = sourcecode.swift; path = AppDelegate.swift; sourceTree = "<group>"; };
		D0EE3DC0197EA23800CE52EA /* ViewController.swift */ = {isa = PBXFileReference; lastKnownFileType = sourcecode.swift; path = ViewController.swift; sourceTree = "<group>"; };
		D0EE3DC3197EA23800CE52EA /* Base */ = {isa = PBXFileReference; lastKnownFileType = file.storyboard; name = Base; path = Base.lproj/Main.storyboard; sourceTree = "<group>"; };
		D0EE3DC5197EA23800CE52EA /* Images.xcassets */ = {isa = PBXFileReference; lastKnownFileType = folder.assetcatalog; path = Images.xcassets; sourceTree = "<group>"; };
		D0EE3DCB197EA23800CE52EA /* TipCalculatorTests.xctest */ = {isa = PBXFileReference; explicitFileType = wrapper.cfbundle; includeInIndex = 0; path = TipCalculatorTests.xctest; sourceTree = BUILT_PRODUCTS_DIR; };
		D0EE3DD0197EA23800CE52EA /* Info.plist */ = {isa = PBXFileReference; lastKnownFileType = text.plist.xml; path = Info.plist; sourceTree = "<group>"; };
		D0EE3DD1197EA23800CE52EA /* TipCalculatorTests.swift */ = {isa = PBXFileReference; lastKnownFileType = sourcecode.swift; path = TipCalculatorTests.swift; sourceTree = "<group>"; };
		D0EE3DDB197EA28800CE52EA /* TipCalculatorModel.swift */ = {isa = PBXFileReference; fileEncoding = 4; lastKnownFileType = sourcecode.swift; path = TipCalculatorModel.swift; sourceTree = "<group>"; };
		D0EE3DDD197EA2B700CE52EA /* TipCalculator.swift */ = {isa = PBXFileReference; fileEncoding = 4; lastKnownFileType = sourcecode.swift; path = TipCalculator.swift; sourceTree = "<group>"; };
		D0EE3DDF1980509700CE52EA /* VehicleListController.swift */ = {isa = PBXFileReference; fileEncoding = 4; lastKnownFileType = sourcecode.swift; path = VehicleListController.swift; sourceTree = "<group>"; };
		D0EE3DE11980603600CE52EA /* CreateVehicleController.swift */ = {isa = PBXFileReference; fileEncoding = 4; lastKnownFileType = sourcecode.swift; path = CreateVehicleController.swift; sourceTree = "<group>"; };
/* End PBXFileReference section */

/* Begin PBXFrameworksBuildPhase section */
		D0EE3DB6197EA23800CE52EA /* Frameworks */ = {
			isa = PBXFrameworksBuildPhase;
			buildActionMask = 2147483647;
			files = (
				D01290521980E83700A620FE /* CoreData.framework in Frameworks */,
			);
			runOnlyForDeploymentPostprocessing = 0;
		};
		D0EE3DC8197EA23800CE52EA /* Frameworks */ = {
			isa = PBXFrameworksBuildPhase;
			buildActionMask = 2147483647;
			files = (
			);
			runOnlyForDeploymentPostprocessing = 0;
		};
/* End PBXFrameworksBuildPhase section */

/* Begin PBXGroup section */
		D0C993581984088F00968EF2 /* ViewComponents */ = {
			isa = PBXGroup;
			children = (
				D0AB8DC81986936400864CAC /* VehicleMainTableView.swift */,
				D0C993561984059E00968EF2 /* VehicleTableView.swift */,
				D0AB8DCC1986A2EF00864CAC /* TripsTableView.swift */,
			);
			name = ViewComponents;
			path = ..;
			sourceTree = "<group>";
		};
		D0EE3DB0197EA23800CE52EA = {
			isa = PBXGroup;
			children = (
				D0EE3DBB197EA23800CE52EA /* TipCalculator */,
				D01290511980E83700A620FE /* CoreData.framework */,
				D0EE3DDB197EA28800CE52EA /* TipCalculatorModel.swift */,
				D0EE3DDD197EA2B700CE52EA /* TipCalculator.swift */,
				D0EE3DCE197EA23800CE52EA /* TipCalculatorTests */,
				D0EE3DBA197EA23800CE52EA /* Products */,
			);
			sourceTree = "<group>";
		};
		D0EE3DBA197EA23800CE52EA /* Products */ = {
			isa = PBXGroup;
			children = (
				D0EE3DB9197EA23800CE52EA /* TipCalculator.app */,
				D0EE3DCB197EA23800CE52EA /* TipCalculatorTests.xctest */,
			);
			name = Products;
			sourceTree = "<group>";
		};
		D0EE3DBB197EA23800CE52EA /* TipCalculator */ = {
			isa = PBXGroup;
			children = (
				D0C993581984088F00968EF2 /* ViewComponents */,
				D01290541980E88E00A620FE /* OnDuty.xcdatamodeld */,
				D0EE3DBE197EA23800CE52EA /* AppDelegate.swift */,
				D0EE3DC0197EA23800CE52EA /* ViewController.swift */,
				D0EE3DC2197EA23800CE52EA /* Main.storyboard */,
				D0EE3DC5197EA23800CE52EA /* Images.xcassets */,
				D0EE3DBC197EA23800CE52EA /* Supporting Files */,
				D0EE3DDF1980509700CE52EA /* VehicleListController.swift */,
				D0EE3DE11980603600CE52EA /* CreateVehicleController.swift */,
				D0AB8DCA19869DBF00864CAC /* VehicleTripViewController.swift */,
				D0B282701986AAFC0008F706 /* AddTripController.swift */,
			);
			path = TipCalculator;
			sourceTree = "<group>";
		};
		D0EE3DBC197EA23800CE52EA /* Supporting Files */ = {
			isa = PBXGroup;
			children = (
				D0EE3DBD197EA23800CE52EA /* Info.plist */,
			);
			name = "Supporting Files";
			sourceTree = "<group>";
		};
		D0EE3DCE197EA23800CE52EA /* TipCalculatorTests */ = {
			isa = PBXGroup;
			children = (
				D0EE3DD1197EA23800CE52EA /* TipCalculatorTests.swift */,
				D0EE3DCF197EA23800CE52EA /* Supporting Files */,
			);
			path = TipCalculatorTests;
			sourceTree = "<group>";
		};
		D0EE3DCF197EA23800CE52EA /* Supporting Files */ = {
			isa = PBXGroup;
			children = (
				D0EE3DD0197EA23800CE52EA /* Info.plist */,
			);
			name = "Supporting Files";
			sourceTree = "<group>";
		};
/* End PBXGroup section */

/* Begin PBXNativeTarget section */
		D0EE3DB8197EA23800CE52EA /* TipCalculator */ = {
			isa = PBXNativeTarget;
			buildConfigurationList = D0EE3DD5197EA23800CE52EA /* Build configuration list for PBXNativeTarget "TipCalculator" */;
			buildPhases = (
				D0EE3DB5197EA23800CE52EA /* Sources */,
				D0EE3DB6197EA23800CE52EA /* Frameworks */,
				D0EE3DB7197EA23800CE52EA /* Resources */,
			);
			buildRules = (
			);
			dependencies = (
			);
			name = TipCalculator;
			productName = TipCalculator;
			productReference = D0EE3DB9197EA23800CE52EA /* TipCalculator.app */;
			productType = "com.apple.product-type.application";
		};
		D0EE3DCA197EA23800CE52EA /* TipCalculatorTests */ = {
			isa = PBXNativeTarget;
			buildConfigurationList = D0EE3DD8197EA23800CE52EA /* Build configuration list for PBXNativeTarget "TipCalculatorTests" */;
			buildPhases = (
				D0EE3DC7197EA23800CE52EA /* Sources */,
				D0EE3DC8197EA23800CE52EA /* Frameworks */,
				D0EE3DC9197EA23800CE52EA /* Resources */,
			);
			buildRules = (
			);
			dependencies = (
				D0EE3DCD197EA23800CE52EA /* PBXTargetDependency */,
			);
			name = TipCalculatorTests;
			productName = TipCalculatorTests;
			productReference = D0EE3DCB197EA23800CE52EA /* TipCalculatorTests.xctest */;
			productType = "com.apple.product-type.bundle.unit-test";
		};
/* End PBXNativeTarget section */

/* Begin PBXProject section */
		D0EE3DB1197EA23800CE52EA /* Project object */ = {
			isa = PBXProject;
			attributes = {
				LastUpgradeCheck = 0600;
				ORGANIZATIONNAME = "Generic Constructions";
				TargetAttributes = {
					D0EE3DB8197EA23800CE52EA = {
						CreatedOnToolsVersion = 6.0;
					};
					D0EE3DCA197EA23800CE52EA = {
						CreatedOnToolsVersion = 6.0;
						TestTargetID = D0EE3DB8197EA23800CE52EA;
					};
				};
			};
			buildConfigurationList = D0EE3DB4197EA23800CE52EA /* Build configuration list for PBXProject "TipCalculator" */;
			compatibilityVersion = "Xcode 3.2";
			developmentRegion = English;
			hasScannedForEncodings = 0;
			knownRegions = (
				en,
				Base,
			);
			mainGroup = D0EE3DB0197EA23800CE52EA;
			productRefGroup = D0EE3DBA197EA23800CE52EA /* Products */;
			projectDirPath = "";
			projectRoot = "";
			targets = (
				D0EE3DB8197EA23800CE52EA /* TipCalculator */,
				D0EE3DCA197EA23800CE52EA /* TipCalculatorTests */,
			);
		};
/* End PBXProject section */

/* Begin PBXResourcesBuildPhase section */
		D0EE3DB7197EA23800CE52EA /* Resources */ = {
			isa = PBXResourcesBuildPhase;
			buildActionMask = 2147483647;
			files = (
				D0EE3DC4197EA23800CE52EA /* Main.storyboard in Resources */,
				D0EE3DC6197EA23800CE52EA /* Images.xcassets in Resources */,
			);
			runOnlyForDeploymentPostprocessing = 0;
		};
		D0EE3DC9197EA23800CE52EA /* Resources */ = {
			isa = PBXResourcesBuildPhase;
			buildActionMask = 2147483647;
			files = (
			);
			runOnlyForDeploymentPostprocessing = 0;
		};
/* End PBXResourcesBuildPhase section */

/* Begin PBXSourcesBuildPhase section */
		D0EE3DB5197EA23800CE52EA /* Sources */ = {
			isa = PBXSourcesBuildPhase;
			buildActionMask = 2147483647;
			files = (
				D0AB8DCB19869DBF00864CAC /* VehicleTripViewController.swift in Sources */,
				D0EE3DDC197EA28800CE52EA /* TipCalculatorModel.swift in Sources */,
				D0B282711986AAFC0008F706 /* AddTripController.swift in Sources */,
				D01290561980E88E00A620FE /* OnDuty.xcdatamodeld in Sources */,
				D0AB8DC91986936400864CAC /* VehicleMainTableView.swift in Sources */,
				D0EE3DE01980509700CE52EA /* VehicleListController.swift in Sources */,
				D0EE3DE21980603600CE52EA /* CreateVehicleController.swift in Sources */,
				D0C993571984059E00968EF2 /* VehicleTableView.swift in Sources */,
				D0EE3DDE197EA2B700CE52EA /* TipCalculator.swift in Sources */,
				D0EE3DC1197EA23800CE52EA /* ViewController.swift in Sources */,
				D0AB8DCD1986A2EF00864CAC /* TripsTableView.swift in Sources */,
				D0EE3DBF197EA23800CE52EA /* AppDelegate.swift in Sources */,
			);
			runOnlyForDeploymentPostprocessing = 0;
		};
		D0EE3DC7197EA23800CE52EA /* Sources */ = {
			isa = PBXSourcesBuildPhase;
			buildActionMask = 2147483647;
			files = (
				D0EE3DD2197EA23800CE52EA /* TipCalculatorTests.swift in Sources */,
			);
			runOnlyForDeploymentPostprocessing = 0;
		};
/* End PBXSourcesBuildPhase section */

/* Begin PBXTargetDependency section */
		D0EE3DCD197EA23800CE52EA /* PBXTargetDependency */ = {
			isa = PBXTargetDependency;
			target = D0EE3DB8197EA23800CE52EA /* TipCalculator */;
			targetProxy = D0EE3DCC197EA23800CE52EA /* PBXContainerItemProxy */;
		};
/* End PBXTargetDependency section */

/* Begin PBXVariantGroup section */
		D0EE3DC2197EA23800CE52EA /* Main.storyboard */ = {
			isa = PBXVariantGroup;
			children = (
				D0EE3DC3197EA23800CE52EA /* Base */,
			);
			name = Main.storyboard;
			sourceTree = "<group>";
		};
/* End PBXVariantGroup section */

/* Begin XCBuildConfiguration section */
		D0EE3DD3197EA23800CE52EA /* Debug */ = {
			isa = XCBuildConfiguration;
			buildSettings = {
				ALWAYS_SEARCH_USER_PATHS = NO;
				CLANG_CXX_LANGUAGE_STANDARD = "gnu++0x";
				CLANG_CXX_LIBRARY = "libc++";
				CLANG_ENABLE_MODULES = YES;
				CLANG_ENABLE_OBJC_ARC = YES;
				CLANG_WARN_BOOL_CONVERSION = YES;
				CLANG_WARN_CONSTANT_CONVERSION = YES;
				CLANG_WARN_DIRECT_OBJC_ISA_USAGE = YES_ERROR;
				CLANG_WARN_EMPTY_BODY = YES;
				CLANG_WARN_ENUM_CONVERSION = YES;
				CLANG_WARN_INT_CONVERSION = YES;
				CLANG_WARN_OBJC_ROOT_CLASS = YES_ERROR;
				CLANG_WARN_UNREACHABLE_CODE = YES;
				CLANG_WARN__DUPLICATE_METHOD_MATCH = YES;
				"CODE_SIGN_IDENTITY[sdk=iphoneos*]" = "iPhone Developer";
				COPY_PHASE_STRIP = NO;
				ENABLE_STRICT_OBJC_MSGSEND = YES;
				GCC_C_LANGUAGE_STANDARD = gnu99;
				GCC_DYNAMIC_NO_PIC = NO;
				GCC_OPTIMIZATION_LEVEL = 0;
				GCC_PREPROCESSOR_DEFINITIONS = (
					"DEBUG=1",
					"$(inherited)",
				);
				GCC_SYMBOLS_PRIVATE_EXTERN = NO;
				GCC_WARN_64_TO_32_BIT_CONVERSION = YES;
				GCC_WARN_ABOUT_RETURN_TYPE = YES_ERROR;
				GCC_WARN_UNDECLARED_SELECTOR = YES;
				GCC_WARN_UNINITIALIZED_AUTOS = YES_AGGRESSIVE;
				GCC_WARN_UNUSED_FUNCTION = YES;
				GCC_WARN_UNUSED_VARIABLE = YES;
				IPHONEOS_DEPLOYMENT_TARGET = 8.0;
				METAL_ENABLE_DEBUG_INFO = YES;
				ONLY_ACTIVE_ARCH = YES;
				SDKROOT = iphoneos;
				SWIFT_OPTIMIZATION_LEVEL = "-Onone";
			};
			name = Debug;
		};
		D0EE3DD4197EA23800CE52EA /* Release */ = {
			isa = XCBuildConfiguration;
			buildSettings = {
				ALWAYS_SEARCH_USER_PATHS = NO;
				CLANG_CXX_LANGUAGE_STANDARD = "gnu++0x";
				CLANG_CXX_LIBRARY = "libc++";
				CLANG_ENABLE_MODULES = YES;
				CLANG_ENABLE_OBJC_ARC = YES;
				CLANG_WARN_BOOL_CONVERSION = YES;
				CLANG_WARN_CONSTANT_CONVERSION = YES;
				CLANG_WARN_DIRECT_OBJC_ISA_USAGE = YES_ERROR;
				CLANG_WARN_EMPTY_BODY = YES;
				CLANG_WARN_ENUM_CONVERSION = YES;
				CLANG_WARN_INT_CONVERSION = YES;
				CLANG_WARN_OBJC_ROOT_CLASS = YES_ERROR;
				CLANG_WARN_UNREACHABLE_CODE = YES;
				CLANG_WARN__DUPLICATE_METHOD_MATCH = YES;
				"CODE_SIGN_IDENTITY[sdk=iphoneos*]" = "iPhone Developer";
				COPY_PHASE_STRIP = YES;
				ENABLE_NS_ASSERTIONS = NO;
				ENABLE_STRICT_OBJC_MSGSEND = YES;
				GCC_C_LANGUAGE_STANDARD = gnu99;
				GCC_WARN_64_TO_32_BIT_CONVERSION = YES;
				GCC_WARN_ABOUT_RETURN_TYPE = YES_ERROR;
				GCC_WARN_UNDECLARED_SELECTOR = YES;
				GCC_WARN_UNINITIALIZED_AUTOS = YES_AGGRESSIVE;
				GCC_WARN_UNUSED_FUNCTION = YES;
				GCC_WARN_UNUSED_VARIABLE = YES;
				IPHONEOS_DEPLOYMENT_TARGET = 8.0;
				METAL_ENABLE_DEBUG_INFO = NO;
				SDKROOT = iphoneos;
				VALIDATE_PRODUCT = YES;
			};
			name = Release;
		};
		D0EE3DD6197EA23800CE52EA /* Debug */ = {
			isa = XCBuildConfiguration;
			buildSettings = {
				ASSETCATALOG_COMPILER_APPICON_NAME = AppIcon;
				ASSETCATALOG_COMPILER_LAUNCHIMAGE_NAME = LaunchImage;
				INFOPLIST_FILE = TipCalculator/Info.plist;
				LD_RUNPATH_SEARCH_PATHS = "$(inherited) @executable_path/Frameworks";
				PRODUCT_NAME = "$(TARGET_NAME)";
			};
			name = Debug;
		};
		D0EE3DD7197EA23800CE52EA /* Release */ = {
			isa = XCBuildConfiguration;
			buildSettings = {
				ASSETCATALOG_COMPILER_APPICON_NAME = AppIcon;
				ASSETCATALOG_COMPILER_LAUNCHIMAGE_NAME = LaunchImage;
				INFOPLIST_FILE = TipCalculator/Info.plist;
				LD_RUNPATH_SEARCH_PATHS = "$(inherited) @executable_path/Frameworks";
				PRODUCT_NAME = "$(TARGET_NAME)";
			};
			name = Release;
		};
		D0EE3DD9197EA23800CE52EA /* Debug */ = {
			isa = XCBuildConfiguration;
			buildSettings = {
				BUNDLE_LOADER = "$(BUILT_PRODUCTS_DIR)/TipCalculator.app/TipCalculator";
				FRAMEWORK_SEARCH_PATHS = (
					"$(SDKROOT)/Developer/Library/Frameworks",
					"$(inherited)",
				);
				GCC_PREPROCESSOR_DEFINITIONS = (
					"DEBUG=1",
					"$(inherited)",
				);
				INFOPLIST_FILE = TipCalculatorTests/Info.plist;
				LD_RUNPATH_SEARCH_PATHS = "$(inherited) @executable_path/Frameworks @loader_path/Frameworks";
				METAL_ENABLE_DEBUG_INFO = YES;
				PRODUCT_NAME = "$(TARGET_NAME)";
				TEST_HOST = "$(BUNDLE_LOADER)";
			};
			name = Debug;
		};
		D0EE3DDA197EA23800CE52EA /* Release */ = {
			isa = XCBuildConfiguration;
			buildSettings = {
				BUNDLE_LOADER = "$(BUILT_PRODUCTS_DIR)/TipCalculator.app/TipCalculator";
				FRAMEWORK_SEARCH_PATHS = (
					"$(SDKROOT)/Developer/Library/Frameworks",
					"$(inherited)",
				);
				INFOPLIST_FILE = TipCalculatorTests/Info.plist;
				LD_RUNPATH_SEARCH_PATHS = "$(inherited) @executable_path/Frameworks @loader_path/Frameworks";
				METAL_ENABLE_DEBUG_INFO = NO;
				PRODUCT_NAME = "$(TARGET_NAME)";
				TEST_HOST = "$(BUNDLE_LOADER)";
			};
			name = Release;
		};
/* End XCBuildConfiguration section */

/* Begin XCConfigurationList section */
		D0EE3DB4197EA23800CE52EA /* Build configuration list for PBXProject "TipCalculator" */ = {
			isa = XCConfigurationList;
			buildConfigurations = (
				D0EE3DD3197EA23800CE52EA /* Debug */,
				D0EE3DD4197EA23800CE52EA /* Release */,
			);
			defaultConfigurationIsVisible = 0;
			defaultConfigurationName = Release;
		};
		D0EE3DD5197EA23800CE52EA /* Build configuration list for PBXNativeTarget "TipCalculator" */ = {
			isa = XCConfigurationList;
			buildConfigurations = (
				D0EE3DD6197EA23800CE52EA /* Debug */,
				D0EE3DD7197EA23800CE52EA /* Release */,
			);
			defaultConfigurationIsVisible = 0;
			defaultConfigurationName = Release;
		};
		D0EE3DD8197EA23800CE52EA /* Build configuration list for PBXNativeTarget "TipCalculatorTests" */ = {
			isa = XCConfigurationList;
			buildConfigurations = (
				D0EE3DD9197EA23800CE52EA /* Debug */,
				D0EE3DDA197EA23800CE52EA /* Release */,
			);
			defaultConfigurationIsVisible = 0;
			defaultConfigurationName = Release;
		};
/* End XCConfigurationList section */

/* Begin XCVersionGroup section */
		D01290541980E88E00A620FE /* OnDuty.xcdatamodeld */ = {
			isa = XCVersionGroup;
			children = (
				D01290551980E88E00A620FE /* OnDuty.xcdatamodel */,
			);
			currentVersion = D01290551980E88E00A620FE /* OnDuty.xcdatamodel */;
			name = OnDuty.xcdatamodeld;
			path = ../OnDuty.xcdatamodeld;
			sourceTree = "<group>";
			versionGroupType = wrapper.xcdatamodel;
		};
/* End XCVersionGroup section */
	};
	rootObject = D0EE3DB1197EA23800CE52EA /* Project object */;
}
